// !$*UTF8*$!
{
	archiveVersion = 1;
	classes = {
	};
	objectVersion = 50;
	objects = {

/* Begin PBXBuildFile section */
		7EFF992425C6463E00EC1DED /* AppDelegate.swift in Sources */ = {isa = PBXBuildFile; fileRef = 7EFF992325C6463E00EC1DED /* AppDelegate.swift */; };
		7EFF992625C6463E00EC1DED /* SceneDelegate.swift in Sources */ = {isa = PBXBuildFile; fileRef = 7EFF992525C6463E00EC1DED /* SceneDelegate.swift */; };
		7EFF992825C6463E00EC1DED /* ViewController.swift in Sources */ = {isa = PBXBuildFile; fileRef = 7EFF992725C6463E00EC1DED /* ViewController.swift */; };
		7EFF992B25C6463E00EC1DED /* Main.storyboard in Resources */ = {isa = PBXBuildFile; fileRef = 7EFF992925C6463E00EC1DED /* Main.storyboard */; };
		7EFF992D25C6464400EC1DED /* Assets.xcassets in Resources */ = {isa = PBXBuildFile; fileRef = 7EFF992C25C6464400EC1DED /* Assets.xcassets */; };
		7EFF993025C6464400EC1DED /* LaunchScreen.storyboard in Resources */ = {isa = PBXBuildFile; fileRef = 7EFF992E25C6464400EC1DED /* LaunchScreen.storyboard */; };
		7EFF993B25C6464400EC1DED /* AvalonTests.swift in Sources */ = {isa = PBXBuildFile; fileRef = 7EFF993A25C6464400EC1DED /* AvalonTests.swift */; };
		7EFF994625C6464400EC1DED /* AvalonUITests.swift in Sources */ = {isa = PBXBuildFile; fileRef = 7EFF994525C6464400EC1DED /* AvalonUITests.swift */; };
		7EFF995725C6478500EC1DED /* MapView.swift in Sources */ = {isa = PBXBuildFile; fileRef = 7EFF995625C6478500EC1DED /* MapView.swift */; };
		7EFF995C25C64F9A00EC1DED /* MapView.storyboard in Resources */ = {isa = PBXBuildFile; fileRef = 7EFF995B25C64F9900EC1DED /* MapView.storyboard */; };
/* End PBXBuildFile section */

/* Begin PBXContainerItemProxy section */
		7EFF993725C6464400EC1DED /* PBXContainerItemProxy */ = {
			isa = PBXContainerItemProxy;
			containerPortal = 7EFF991825C6463E00EC1DED /* Project object */;
			proxyType = 1;
			remoteGlobalIDString = 7EFF991F25C6463E00EC1DED;
			remoteInfo = Avalon;
		};
		7EFF994225C6464400EC1DED /* PBXContainerItemProxy */ = {
			isa = PBXContainerItemProxy;
			containerPortal = 7EFF991825C6463E00EC1DED /* Project object */;
			proxyType = 1;
			remoteGlobalIDString = 7EFF991F25C6463E00EC1DED;
			remoteInfo = Avalon;
		};
/* End PBXContainerItemProxy section */

/* Begin PBXFileReference section */
		7EFF992025C6463E00EC1DED /* Avalon.app */ = {isa = PBXFileReference; explicitFileType = wrapper.application; includeInIndex = 0; path = Avalon.app; sourceTree = BUILT_PRODUCTS_DIR; };
		7EFF992325C6463E00EC1DED /* AppDelegate.swift */ = {isa = PBXFileReference; lastKnownFileType = sourcecode.swift; path = AppDelegate.swift; sourceTree = "<group>"; };
		7EFF992525C6463E00EC1DED /* SceneDelegate.swift */ = {isa = PBXFileReference; lastKnownFileType = sourcecode.swift; path = SceneDelegate.swift; sourceTree = "<group>"; };
		7EFF992725C6463E00EC1DED /* ViewController.swift */ = {isa = PBXFileReference; lastKnownFileType = sourcecode.swift; path = ViewController.swift; sourceTree = "<group>"; };
		7EFF992A25C6463E00EC1DED /* Base */ = {isa = PBXFileReference; lastKnownFileType = file.storyboard; name = Base; path = Base.lproj/Main.storyboard; sourceTree = "<group>"; };
		7EFF992C25C6464400EC1DED /* Assets.xcassets */ = {isa = PBXFileReference; lastKnownFileType = folder.assetcatalog; path = Assets.xcassets; sourceTree = "<group>"; };
		7EFF992F25C6464400EC1DED /* Base */ = {isa = PBXFileReference; lastKnownFileType = file.storyboard; name = Base; path = Base.lproj/LaunchScreen.storyboard; sourceTree = "<group>"; };
		7EFF993125C6464400EC1DED /* Info.plist */ = {isa = PBXFileReference; lastKnownFileType = text.plist.xml; path = Info.plist; sourceTree = "<group>"; };
		7EFF993625C6464400EC1DED /* AvalonTests.xctest */ = {isa = PBXFileReference; explicitFileType = wrapper.cfbundle; includeInIndex = 0; path = AvalonTests.xctest; sourceTree = BUILT_PRODUCTS_DIR; };
		7EFF993A25C6464400EC1DED /* AvalonTests.swift */ = {isa = PBXFileReference; lastKnownFileType = sourcecode.swift; path = AvalonTests.swift; sourceTree = "<group>"; };
		7EFF993C25C6464400EC1DED /* Info.plist */ = {isa = PBXFileReference; lastKnownFileType = text.plist.xml; path = Info.plist; sourceTree = "<group>"; };
		7EFF994125C6464400EC1DED /* AvalonUITests.xctest */ = {isa = PBXFileReference; explicitFileType = wrapper.cfbundle; includeInIndex = 0; path = AvalonUITests.xctest; sourceTree = BUILT_PRODUCTS_DIR; };
		7EFF994525C6464400EC1DED /* AvalonUITests.swift */ = {isa = PBXFileReference; lastKnownFileType = sourcecode.swift; path = AvalonUITests.swift; sourceTree = "<group>"; };
		7EFF994725C6464400EC1DED /* Info.plist */ = {isa = PBXFileReference; lastKnownFileType = text.plist.xml; path = Info.plist; sourceTree = "<group>"; };
		7EFF995625C6478500EC1DED /* MapView.swift */ = {isa = PBXFileReference; lastKnownFileType = sourcecode.swift; path = MapView.swift; sourceTree = "<group>"; };
		7EFF995B25C64F9900EC1DED /* MapView.storyboard */ = {isa = PBXFileReference; lastKnownFileType = file.storyboard; path = MapView.storyboard; sourceTree = "<group>"; };
/* End PBXFileReference section */

/* Begin PBXFrameworksBuildPhase section */
		7EFF991D25C6463E00EC1DED /* Frameworks */ = {
			isa = PBXFrameworksBuildPhase;
			buildActionMask = 2147483647;
			files = (
			);
			runOnlyForDeploymentPostprocessing = 0;
		};
		7EFF993325C6464400EC1DED /* Frameworks */ = {
			isa = PBXFrameworksBuildPhase;
			buildActionMask = 2147483647;
			files = (
			);
			runOnlyForDeploymentPostprocessing = 0;
		};
		7EFF993E25C6464400EC1DED /* Frameworks */ = {
			isa = PBXFrameworksBuildPhase;
			buildActionMask = 2147483647;
			files = (
			);
			runOnlyForDeploymentPostprocessing = 0;
		};
/* End PBXFrameworksBuildPhase section */

/* Begin PBXGroup section */
		7EFF991725C6463E00EC1DED = {
			isa = PBXGroup;
			children = (
				7EFF992225C6463E00EC1DED /* Avalon */,
				7EFF993925C6464400EC1DED /* AvalonTests */,
				7EFF994425C6464400EC1DED /* AvalonUITests */,
				7EFF992125C6463E00EC1DED /* Products */,
			);
			sourceTree = "<group>";
		};
		7EFF992125C6463E00EC1DED /* Products */ = {
			isa = PBXGroup;
			children = (
				7EFF992025C6463E00EC1DED /* Avalon.app */,
				7EFF993625C6464400EC1DED /* AvalonTests.xctest */,
				7EFF994125C6464400EC1DED /* AvalonUITests.xctest */,
			);
			name = Products;
			sourceTree = "<group>";
		};
		7EFF992225C6463E00EC1DED /* Avalon */ = {
			isa = PBXGroup;
			children = (
				7EFF992325C6463E00EC1DED /* AppDelegate.swift */,
				7EFF992525C6463E00EC1DED /* SceneDelegate.swift */,
				7EFF992725C6463E00EC1DED /* ViewController.swift */,
				7EFF992925C6463E00EC1DED /* Main.storyboard */,
				7EFF995625C6478500EC1DED /* MapView.swift */,
				7EFF992C25C6464400EC1DED /* Assets.xcassets */,
				7EFF992E25C6464400EC1DED /* LaunchScreen.storyboard */,
				7EFF993125C6464400EC1DED /* Info.plist */,
				7EFF995B25C64F9900EC1DED /* MapView.storyboard */,
			);
			path = Avalon;
			sourceTree = "<group>";
		};
		7EFF993925C6464400EC1DED /* AvalonTests */ = {
			isa = PBXGroup;
			children = (
				7EFF993A25C6464400EC1DED /* AvalonTests.swift */,
				7EFF993C25C6464400EC1DED /* Info.plist */,
			);
			path = AvalonTests;
			sourceTree = "<group>";
		};
		7EFF994425C6464400EC1DED /* AvalonUITests */ = {
			isa = PBXGroup;
			children = (
				7EFF994525C6464400EC1DED /* AvalonUITests.swift */,
				7EFF994725C6464400EC1DED /* Info.plist */,
			);
			path = AvalonUITests;
			sourceTree = "<group>";
		};
/* End PBXGroup section */

/* Begin PBXNativeTarget section */
		7EFF991F25C6463E00EC1DED /* Avalon */ = {
			isa = PBXNativeTarget;
			buildConfigurationList = 7EFF994A25C6464400EC1DED /* Build configuration list for PBXNativeTarget "Avalon" */;
			buildPhases = (
				7EFF991C25C6463E00EC1DED /* Sources */,
				7EFF991D25C6463E00EC1DED /* Frameworks */,
				7EFF991E25C6463E00EC1DED /* Resources */,
			);
			buildRules = (
			);
			dependencies = (
			);
			name = Avalon;
			productName = Avalon;
			productReference = 7EFF992025C6463E00EC1DED /* Avalon.app */;
			productType = "com.apple.product-type.application";
		};
		7EFF993525C6464400EC1DED /* AvalonTests */ = {
			isa = PBXNativeTarget;
			buildConfigurationList = 7EFF994D25C6464400EC1DED /* Build configuration list for PBXNativeTarget "AvalonTests" */;
			buildPhases = (
				7EFF993225C6464400EC1DED /* Sources */,
				7EFF993325C6464400EC1DED /* Frameworks */,
				7EFF993425C6464400EC1DED /* Resources */,
			);
			buildRules = (
			);
			dependencies = (
				7EFF993825C6464400EC1DED /* PBXTargetDependency */,
			);
			name = AvalonTests;
			productName = AvalonTests;
			productReference = 7EFF993625C6464400EC1DED /* AvalonTests.xctest */;
			productType = "com.apple.product-type.bundle.unit-test";
		};
		7EFF994025C6464400EC1DED /* AvalonUITests */ = {
			isa = PBXNativeTarget;
			buildConfigurationList = 7EFF995025C6464400EC1DED /* Build configuration list for PBXNativeTarget "AvalonUITests" */;
			buildPhases = (
				7EFF993D25C6464400EC1DED /* Sources */,
				7EFF993E25C6464400EC1DED /* Frameworks */,
				7EFF993F25C6464400EC1DED /* Resources */,
			);
			buildRules = (
			);
			dependencies = (
				7EFF994325C6464400EC1DED /* PBXTargetDependency */,
			);
			name = AvalonUITests;
			productName = AvalonUITests;
			productReference = 7EFF994125C6464400EC1DED /* AvalonUITests.xctest */;
			productType = "com.apple.product-type.bundle.ui-testing";
		};
/* End PBXNativeTarget section */

/* Begin PBXProject section */
		7EFF991825C6463E00EC1DED /* Project object */ = {
			isa = PBXProject;
			attributes = {
				LastSwiftUpdateCheck = 1230;
				LastUpgradeCheck = 1230;
				TargetAttributes = {
					7EFF991F25C6463E00EC1DED = {
						CreatedOnToolsVersion = 12.3;
					};
					7EFF993525C6464400EC1DED = {
						CreatedOnToolsVersion = 12.3;
						TestTargetID = 7EFF991F25C6463E00EC1DED;
					};
					7EFF994025C6464400EC1DED = {
						CreatedOnToolsVersion = 12.3;
						TestTargetID = 7EFF991F25C6463E00EC1DED;
					};
				};
			};
			buildConfigurationList = 7EFF991B25C6463E00EC1DED /* Build configuration list for PBXProject "Avalon" */;
			compatibilityVersion = "Xcode 9.3";
			developmentRegion = en;
			hasScannedForEncodings = 0;
			knownRegions = (
				en,
				Base,
			);
			mainGroup = 7EFF991725C6463E00EC1DED;
			productRefGroup = 7EFF992125C6463E00EC1DED /* Products */;
			projectDirPath = "";
			projectRoot = "";
			targets = (
				7EFF991F25C6463E00EC1DED /* Avalon */,
				7EFF993525C6464400EC1DED /* AvalonTests */,
				7EFF994025C6464400EC1DED /* AvalonUITests */,
			);
		};
/* End PBXProject section */

/* Begin PBXResourcesBuildPhase section */
		7EFF991E25C6463E00EC1DED /* Resources */ = {
			isa = PBXResourcesBuildPhase;
			buildActionMask = 2147483647;
			files = (
				7EFF993025C6464400EC1DED /* LaunchScreen.storyboard in Resources */,
				7EFF992D25C6464400EC1DED /* Assets.xcassets in Resources */,
				7EFF995C25C64F9A00EC1DED /* MapView.storyboard in Resources */,
				7EFF992B25C6463E00EC1DED /* Main.storyboard in Resources */,
			);
			runOnlyForDeploymentPostprocessing = 0;
		};
		7EFF993425C6464400EC1DED /* Resources */ = {
			isa = PBXResourcesBuildPhase;
			buildActionMask = 2147483647;
			files = (
			);
			runOnlyForDeploymentPostprocessing = 0;
		};
		7EFF993F25C6464400EC1DED /* Resources */ = {
			isa = PBXResourcesBuildPhase;
			buildActionMask = 2147483647;
			files = (
			);
			runOnlyForDeploymentPostprocessing = 0;
		};
/* End PBXResourcesBuildPhase section */

/* Begin PBXSourcesBuildPhase section */
		7EFF991C25C6463E00EC1DED /* Sources */ = {
			isa = PBXSourcesBuildPhase;
			buildActionMask = 2147483647;
			files = (
				7EFF992825C6463E00EC1DED /* ViewController.swift in Sources */,
				7EFF995725C6478500EC1DED /* MapView.swift in Sources */,
				7EFF992425C6463E00EC1DED /* AppDelegate.swift in Sources */,
				7EFF992625C6463E00EC1DED /* SceneDelegate.swift in Sources */,
			);
			runOnlyForDeploymentPostprocessing = 0;
		};
		7EFF993225C6464400EC1DED /* Sources */ = {
			isa = PBXSourcesBuildPhase;
			buildActionMask = 2147483647;
			files = (
				7EFF993B25C6464400EC1DED /* AvalonTests.swift in Sources */,
			);
			runOnlyForDeploymentPostprocessing = 0;
		};
		7EFF993D25C6464400EC1DED /* Sources */ = {
			isa = PBXSourcesBuildPhase;
			buildActionMask = 2147483647;
			files = (
				7EFF994625C6464400EC1DED /* AvalonUITests.swift in Sources */,
			);
			runOnlyForDeploymentPostprocessing = 0;
		};
/* End PBXSourcesBuildPhase section */

/* Begin PBXTargetDependency section */
		7EFF993825C6464400EC1DED /* PBXTargetDependency */ = {
			isa = PBXTargetDependency;
			target = 7EFF991F25C6463E00EC1DED /* Avalon */;
			targetProxy = 7EFF993725C6464400EC1DED /* PBXContainerItemProxy */;
		};
		7EFF994325C6464400EC1DED /* PBXTargetDependency */ = {
			isa = PBXTargetDependency;
			target = 7EFF991F25C6463E00EC1DED /* Avalon */;
			targetProxy = 7EFF994225C6464400EC1DED /* PBXContainerItemProxy */;
		};
/* End PBXTargetDependency section */

/* Begin PBXVariantGroup section */
		7EFF992925C6463E00EC1DED /* Main.storyboard */ = {
			isa = PBXVariantGroup;
			children = (
				7EFF992A25C6463E00EC1DED /* Base */,
			);
			name = Main.storyboard;
			sourceTree = "<group>";
		};
		7EFF992E25C6464400EC1DED /* LaunchScreen.storyboard */ = {
			isa = PBXVariantGroup;
			children = (
				7EFF992F25C6464400EC1DED /* Base */,
			);
			name = LaunchScreen.storyboard;
			sourceTree = "<group>";
		};
/* End PBXVariantGroup section */

/* Begin XCBuildConfiguration section */
		7EFF994825C6464400EC1DED /* Debug */ = {
			isa = XCBuildConfiguration;
			buildSettings = {
				ALWAYS_SEARCH_USER_PATHS = NO;
				CLANG_ANALYZER_NONNULL = YES;
				CLANG_ANALYZER_NUMBER_OBJECT_CONVERSION = YES_AGGRESSIVE;
				CLANG_CXX_LANGUAGE_STANDARD = "gnu++14";
				CLANG_CXX_LIBRARY = "libc++";
				CLANG_ENABLE_MODULES = YES;
				CLANG_ENABLE_OBJC_ARC = YES;
				CLANG_ENABLE_OBJC_WEAK = YES;
				CLANG_WARN_BLOCK_CAPTURE_AUTORELEASING = YES;
				CLANG_WARN_BOOL_CONVERSION = YES;
				CLANG_WARN_COMMA = YES;
				CLANG_WARN_CONSTANT_CONVERSION = YES;
				CLANG_WARN_DEPRECATED_OBJC_IMPLEMENTATIONS = YES;
				CLANG_WARN_DIRECT_OBJC_ISA_USAGE = YES_ERROR;
				CLANG_WARN_DOCUMENTATION_COMMENTS = YES;
				CLANG_WARN_EMPTY_BODY = YES;
				CLANG_WARN_ENUM_CONVERSION = YES;
				CLANG_WARN_INFINITE_RECURSION = YES;
				CLANG_WARN_INT_CONVERSION = YES;
				CLANG_WARN_NON_LITERAL_NULL_CONVERSION = YES;
				CLANG_WARN_OBJC_IMPLICIT_RETAIN_SELF = YES;
				CLANG_WARN_OBJC_LITERAL_CONVERSION = YES;
				CLANG_WARN_OBJC_ROOT_CLASS = YES_ERROR;
				CLANG_WARN_QUOTED_INCLUDE_IN_FRAMEWORK_HEADER = YES;
				CLANG_WARN_RANGE_LOOP_ANALYSIS = YES;
				CLANG_WARN_STRICT_PROTOTYPES = YES;
				CLANG_WARN_SUSPICIOUS_MOVE = YES;
				CLANG_WARN_UNGUARDED_AVAILABILITY = YES_AGGRESSIVE;
				CLANG_WARN_UNREACHABLE_CODE = YES;
				CLANG_WARN__DUPLICATE_METHOD_MATCH = YES;
				COPY_PHASE_STRIP = NO;
				DEBUG_INFORMATION_FORMAT = dwarf;
				ENABLE_STRICT_OBJC_MSGSEND = YES;
				ENABLE_TESTABILITY = YES;
				GCC_C_LANGUAGE_STANDARD = gnu11;
				GCC_DYNAMIC_NO_PIC = NO;
				GCC_NO_COMMON_BLOCKS = YES;
				GCC_OPTIMIZATION_LEVEL = 0;
				GCC_PREPROCESSOR_DEFINITIONS = (
					"DEBUG=1",
					"$(inherited)",
				);
				GCC_WARN_64_TO_32_BIT_CONVERSION = YES;
				GCC_WARN_ABOUT_RETURN_TYPE = YES_ERROR;
				GCC_WARN_UNDECLARED_SELECTOR = YES;
				GCC_WARN_UNINITIALIZED_AUTOS = YES_AGGRESSIVE;
				GCC_WARN_UNUSED_FUNCTION = YES;
				GCC_WARN_UNUSED_VARIABLE = YES;
				IPHONEOS_DEPLOYMENT_TARGET = 14.3;
				MTL_ENABLE_DEBUG_INFO = INCLUDE_SOURCE;
				MTL_FAST_MATH = YES;
				ONLY_ACTIVE_ARCH = YES;
				SDKROOT = iphoneos;
				SWIFT_ACTIVE_COMPILATION_CONDITIONS = DEBUG;
				SWIFT_OPTIMIZATION_LEVEL = "-Onone";
			};
			name = Debug;
		};
		7EFF994925C6464400EC1DED /* Release */ = {
			isa = XCBuildConfiguration;
			buildSettings = {
				ALWAYS_SEARCH_USER_PATHS = NO;
				CLANG_ANALYZER_NONNULL = YES;
				CLANG_ANALYZER_NUMBER_OBJECT_CONVERSION = YES_AGGRESSIVE;
				CLANG_CXX_LANGUAGE_STANDARD = "gnu++14";
				CLANG_CXX_LIBRARY = "libc++";
				CLANG_ENABLE_MODULES = YES;
				CLANG_ENABLE_OBJC_ARC = YES;
				CLANG_ENABLE_OBJC_WEAK = YES;
				CLANG_WARN_BLOCK_CAPTURE_AUTORELEASING = YES;
				CLANG_WARN_BOOL_CONVERSION = YES;
				CLANG_WARN_COMMA = YES;
				CLANG_WARN_CONSTANT_CONVERSION = YES;
				CLANG_WARN_DEPRECATED_OBJC_IMPLEMENTATIONS = YES;
				CLANG_WARN_DIRECT_OBJC_ISA_USAGE = YES_ERROR;
				CLANG_WARN_DOCUMENTATION_COMMENTS = YES;
				CLANG_WARN_EMPTY_BODY = YES;
				CLANG_WARN_ENUM_CONVERSION = YES;
				CLANG_WARN_INFINITE_RECURSION = YES;
				CLANG_WARN_INT_CONVERSION = YES;
				CLANG_WARN_NON_LITERAL_NULL_CONVERSION = YES;
				CLANG_WARN_OBJC_IMPLICIT_RETAIN_SELF = YES;
				CLANG_WARN_OBJC_LITERAL_CONVERSION = YES;
				CLANG_WARN_OBJC_ROOT_CLASS = YES_ERROR;
				CLANG_WARN_QUOTED_INCLUDE_IN_FRAMEWORK_HEADER = YES;
				CLANG_WARN_RANGE_LOOP_ANALYSIS = YES;
				CLANG_WARN_STRICT_PROTOTYPES = YES;
				CLANG_WARN_SUSPICIOUS_MOVE = YES;
				CLANG_WARN_UNGUARDED_AVAILABILITY = YES_AGGRESSIVE;
				CLANG_WARN_UNREACHABLE_CODE = YES;
				CLANG_WARN__DUPLICATE_METHOD_MATCH = YES;
				COPY_PHASE_STRIP = NO;
				DEBUG_INFORMATION_FORMAT = "dwarf-with-dsym";
				ENABLE_NS_ASSERTIONS = NO;
				ENABLE_STRICT_OBJC_MSGSEND = YES;
				GCC_C_LANGUAGE_STANDARD = gnu11;
				GCC_NO_COMMON_BLOCKS = YES;
				GCC_WARN_64_TO_32_BIT_CONVERSION = YES;
				GCC_WARN_ABOUT_RETURN_TYPE = YES_ERROR;
				GCC_WARN_UNDECLARED_SELECTOR = YES;
				GCC_WARN_UNINITIALIZED_AUTOS = YES_AGGRESSIVE;
				GCC_WARN_UNUSED_FUNCTION = YES;
				GCC_WARN_UNUSED_VARIABLE = YES;
				IPHONEOS_DEPLOYMENT_TARGET = 14.3;
				MTL_ENABLE_DEBUG_INFO = NO;
				MTL_FAST_MATH = YES;
				SDKROOT = iphoneos;
				SWIFT_COMPILATION_MODE = wholemodule;
				SWIFT_OPTIMIZATION_LEVEL = "-O";
				VALIDATE_PRODUCT = YES;
			};
			name = Release;
		};
		7EFF994B25C6464400EC1DED /* Debug */ = {
			isa = XCBuildConfiguration;
			buildSettings = {
				ASSETCATALOG_COMPILER_APPICON_NAME = AppIcon;
				ASSETCATALOG_COMPILER_GLOBAL_ACCENT_COLOR_NAME = AccentColor;
				CODE_SIGN_STYLE = Automatic;
				DEVELOPMENT_TEAM = X369QB9C48;
				INFOPLIST_FILE = Avalon/Info.plist;
				LD_RUNPATH_SEARCH_PATHS = (
					"$(inherited)",
					"@executable_path/Frameworks",
				);
				PRODUCT_BUNDLE_IDENTIFIER = "hack-uci-2021.Avalon";
				PRODUCT_NAME = "$(TARGET_NAME)";
				SWIFT_VERSION = 5.0;
				TARGETED_DEVICE_FAMILY = "1,2";
			};
			name = Debug;
		};
		7EFF994C25C6464400EC1DED /* Release */ = {
			isa = XCBuildConfiguration;
			buildSettings = {
				ASSETCATALOG_COMPILER_APPICON_NAME = AppIcon;
				ASSETCATALOG_COMPILER_GLOBAL_ACCENT_COLOR_NAME = AccentColor;
				CODE_SIGN_STYLE = Automatic;
				DEVELOPMENT_TEAM = X369QB9C48;
				INFOPLIST_FILE = Avalon/Info.plist;
				LD_RUNPATH_SEARCH_PATHS = (
					"$(inherited)",
					"@executable_path/Frameworks",
				);
				PRODUCT_BUNDLE_IDENTIFIER = "hack-uci-2021.Avalon";
				PRODUCT_NAME = "$(TARGET_NAME)";
				SWIFT_VERSION = 5.0;
				TARGETED_DEVICE_FAMILY = "1,2";
			};
			name = Release;
		};
		7EFF994E25C6464400EC1DED /* Debug */ = {
			isa = XCBuildConfiguration;
			buildSettings = {
				ALWAYS_EMBED_SWIFT_STANDARD_LIBRARIES = YES;
				BUNDLE_LOADER = "$(TEST_HOST)";
				CODE_SIGN_STYLE = Automatic;
				DEVELOPMENT_TEAM = X369QB9C48;
				INFOPLIST_FILE = AvalonTests/Info.plist;
				IPHONEOS_DEPLOYMENT_TARGET = 14.3;
				LD_RUNPATH_SEARCH_PATHS = (
					"$(inherited)",
					"@executable_path/Frameworks",
					"@loader_path/Frameworks",
				);
				PRODUCT_BUNDLE_IDENTIFIER = "hack-uci-2021.AvalonTests";
				PRODUCT_NAME = "$(TARGET_NAME)";
				SWIFT_VERSION = 5.0;
				TARGETED_DEVICE_FAMILY = "1,2";
				TEST_HOST = "$(BUILT_PRODUCTS_DIR)/Avalon.app/Avalon";
			};
			name = Debug;
		};
		7EFF994F25C6464400EC1DED /* Release */ = {
			isa = XCBuildConfiguration;
			buildSettings = {
				ALWAYS_EMBED_SWIFT_STANDARD_LIBRARIES = YES;
				BUNDLE_LOADER = "$(TEST_HOST)";
				CODE_SIGN_STYLE = Automatic;
				DEVELOPMENT_TEAM = X369QB9C48;
				INFOPLIST_FILE = AvalonTests/Info.plist;
				IPHONEOS_DEPLOYMENT_TARGET = 14.3;
				LD_RUNPATH_SEARCH_PATHS = (
					"$(inherited)",
					"@executable_path/Frameworks",
					"@loader_path/Frameworks",
				);
				PRODUCT_BUNDLE_IDENTIFIER = "hack-uci-2021.AvalonTests";
				PRODUCT_NAME = "$(TARGET_NAME)";
				SWIFT_VERSION = 5.0;
				TARGETED_DEVICE_FAMILY = "1,2";
				TEST_HOST = "$(BUILT_PRODUCTS_DIR)/Avalon.app/Avalon";
			};
			name = Release;
		};
		7EFF995125C6464400EC1DED /* Debug */ = {
			isa = XCBuildConfiguration;
			buildSettings = {
				ALWAYS_EMBED_SWIFT_STANDARD_LIBRARIES = YES;
				CODE_SIGN_STYLE = Automatic;
				DEVELOPMENT_TEAM = X369QB9C48;
				INFOPLIST_FILE = AvalonUITests/Info.plist;
				LD_RUNPATH_SEARCH_PATHS = (
					"$(inherited)",
					"@executable_path/Frameworks",
					"@loader_path/Frameworks",
				);
				PRODUCT_BUNDLE_IDENTIFIER = "hack-uci-2021.AvalonUITests";
				PRODUCT_NAME = "$(TARGET_NAME)";
				SWIFT_VERSION = 5.0;
				TARGETED_DEVICE_FAMILY = "1,2";
				TEST_TARGET_NAME = Avalon;
			};
			name = Debug;
		};
		7EFF995225C6464400EC1DED /* Release */ = {
			isa = XCBuildConfiguration;
			buildSettings = {
				ALWAYS_EMBED_SWIFT_STANDARD_LIBRARIES = YES;
				CODE_SIGN_STYLE = Automatic;
				DEVELOPMENT_TEAM = X369QB9C48;
				INFOPLIST_FILE = AvalonUITests/Info.plist;
				LD_RUNPATH_SEARCH_PATHS = (
					"$(inherited)",
					"@executable_path/Frameworks",
					"@loader_path/Frameworks",
				);
				PRODUCT_BUNDLE_IDENTIFIER = "hack-uci-2021.AvalonUITests";
				PRODUCT_NAME = "$(TARGET_NAME)";
				SWIFT_VERSION = 5.0;
				TARGETED_DEVICE_FAMILY = "1,2";
				TEST_TARGET_NAME = Avalon;
			};
			name = Release;
		};
/* End XCBuildConfiguration section */

/* Begin XCConfigurationList section */
		7EFF991B25C6463E00EC1DED /* Build configuration list for PBXProject "Avalon" */ = {
			isa = XCConfigurationList;
			buildConfigurations = (
				7EFF994825C6464400EC1DED /* Debug */,
				7EFF994925C6464400EC1DED /* Release */,
			);
			defaultConfigurationIsVisible = 0;
			defaultConfigurationName = Release;
		};
		7EFF994A25C6464400EC1DED /* Build configuration list for PBXNativeTarget "Avalon" */ = {
			isa = XCConfigurationList;
			buildConfigurations = (
				7EFF994B25C6464400EC1DED /* Debug */,
				7EFF994C25C6464400EC1DED /* Release */,
			);
			defaultConfigurationIsVisible = 0;
			defaultConfigurationName = Release;
		};
		7EFF994D25C6464400EC1DED /* Build configuration list for PBXNativeTarget "AvalonTests" */ = {
			isa = XCConfigurationList;
			buildConfigurations = (
				7EFF994E25C6464400EC1DED /* Debug */,
				7EFF994F25C6464400EC1DED /* Release */,
			);
			defaultConfigurationIsVisible = 0;
			defaultConfigurationName = Release;
		};
		7EFF995025C6464400EC1DED /* Build configuration list for PBXNativeTarget "AvalonUITests" */ = {
			isa = XCConfigurationList;
			buildConfigurations = (
				7EFF995125C6464400EC1DED /* Debug */,
				7EFF995225C6464400EC1DED /* Release */,
			);
			defaultConfigurationIsVisible = 0;
			defaultConfigurationName = Release;
		};
/* End XCConfigurationList section */
	};
	rootObject = 7EFF991825C6463E00EC1DED /* Project object */;
}
